github.com/a-h/templ v0.3.833 h1:L/KOk/0VvVTBegtE0fp2RJQiBm7/52Zxv5fqlEHiQUU=
github.com/a-h/templ v0.3.833/go.mod h1:cAu4AiZhtJfBjMY0HASlyzvkrtjnHWPeEsyGK2YYmfk=
github.com/antlr4-go/antlr/v4 v4.13.1 h1:SqQKkuVZ+zWkMMNkjy5FZe5mr5WURWnlpmOuzYWrPrQ=
github.com/antlr4-go/antlr/v4 v4.13.1/go.mod h1:GKmUxMtwp6ZgGwZSva4eWPC5mS6vUAmOABFgjdkM7Nw=
github.com/coder/websocket v1.8.12 h1:5bUXkEPPIbewrnkU8LTCLVaxi4N4J8ahufH2vlo4NAo=
github.com/coder/websocket v1.8.12/go.mod h1:LNVeNrXQZfe5qhS9ALED3uA+l5pPqvwXg3CKoDBB2gs=
github.com/google/go-cmp v0.6.0 h1:ofyhxvXcZhMsU5ulbFiLKl/XBFqE1GSq7atu8tAmTRI=
github.com/google/go-cmp v0.6.0/go.mod h1:17dUlkBOakJ0+DkrSSNjCkIjxS6bF9zb3elmeNGIjoY=
github.com/tursodatabase/libsql-client-go v0.0.0-20240902231107-85af5b9d094d h1:dOMI4+zEbDI37KGb0TI44GUAwxHF9cMsIoDTJ7UmgfU=
github.com/tursodatabase/libsql-client-go v0.0.0-20240902231107-85af5b9d094d/go.mod h1:l8xTsYB90uaVdMHXMCxKKLSgw5wLYBwBKKefNIUnm9s=
golang.org/x/exp v0.0.0-20250210185358-939b2ce775ac h1:l5+whBCLH3iH2ZNHYLbAe58bo7yrN4mVcnkHDYz5vvs=
golang.org/x/exp v0.0.0-20250210185358-939b2ce775ac/go.mod h1:hH+7mtFmImwwcMvScyxUhjuVHR3HGaDPMn9rMSUUbxo=
